
Microsoft Visual Studio Solution File, Format Version 12.00
# Visual Studio Version 17
VisualStudioVersion = 17.4.33205.214
MinimumVisualStudioVersion = 10.0.40219.1
Project("{FAE04EC0-301F-11D3-BF4B-00C04F79EFBC}") = "c dies_2", "c dies_2\c dies_2.csproj", "{C4CF177A-C817-4481-8CEC-92E586A27EA4}"
EndProject
Global
	GlobalSection(SolutionConfigurationPlatforms) = preSolution
		Debug|Any CPU = Debug|Any CPU
		Release|Any CPU = Release|Any CPU
	EndGlobalSection
	GlobalSection(ProjectConfigurationPlatforms) = postSolution
		{C4CF177A-C817-4481-8CEC-92E586A27EA4}.Debug|Any CPU.ActiveCfg = Debug|Any CPU
		{C4CF177A-C817-4481-8CEC-92E586A27EA4}.Debug|Any CPU.Build.0 = Debug|Any CPU
		{C4CF177A-C817-4481-8CEC-92E586A27EA4}.Release|Any CPU.ActiveCfg = Release|Any CPU
		{C4CF177A-C817-4481-8CEC-92E586A27EA4}.Release|Any CPU.Build.0 = Release|Any CPU
	EndGlobalSection
	GlobalSection(SolutionProperties) = preSolution
		HideSolutionNode = FALSE
	EndGlobalSection
	GlobalSection(ExtensibilityGlobals) = postSolution
		SolutionGuid = {19D37189-A97A-44E3-B4FA-D3676DA1745A}
	EndGlobalSection
EndGlobal
